
Microsoft Visual Studio Solution File, Format Version 12.00
# Visual Studio Version 17
VisualStudioVersion = 17.2.32630.192
MinimumVisualStudioVersion = 10.0.40219.1
Project("{FAE04EC0-301F-11D3-BF4B-00C04F79EFBC}") = "MyFirstApplication", "MyFirstApplication.csproj", "{35124CC7-CCAC-4F17-B15B-0CFC2223DBF4}"
EndProject
Global
	GlobalSection(SolutionConfigurationPlatforms) = preSolution
		Debug|Any CPU = Debug|Any CPU
		Release|Any CPU = Release|Any CPU
	EndGlobalSection
	GlobalSection(ProjectConfigurationPlatforms) = postSolution
		{35124CC7-CCAC-4F17-B15B-0CFC2223DBF4}.Debug|Any CPU.ActiveCfg = Debug|Any CPU
		{35124CC7-CCAC-4F17-B15B-0CFC2223DBF4}.Debug|Any CPU.Build.0 = Debug|Any CPU
		{35124CC7-CCAC-4F17-B15B-0CFC2223DBF4}.Release|Any CPU.ActiveCfg = Release|Any CPU
		{35124CC7-CCAC-4F17-B15B-0CFC2223DBF4}.Release|Any CPU.Build.0 = Release|Any CPU
	EndGlobalSection
	GlobalSection(SolutionProperties) = preSolution
		HideSolutionNode = FALSE
	EndGlobalSection
	GlobalSection(ExtensibilityGlobals) = postSolution
		SolutionGuid = {08D6584F-0C86-46D4-A979-1F2045F3E1AB}
	EndGlobalSection
EndGlobal
